// !$*UTF8*$!
{
	archiveVersion = 1;
	classes = {
	};
	objectVersion = 56;
	objects = {

/* Begin PBXBuildFile section */
		588F46FD2966368F003D5FF2 /* AppDelegate.swift in Sources */ = {isa = PBXBuildFile; fileRef = 588F46FC2966368F003D5FF2 /* AppDelegate.swift */; };
		588F46FF2966368F003D5FF2 /* SceneDelegate.swift in Sources */ = {isa = PBXBuildFile; fileRef = 588F46FE2966368F003D5FF2 /* SceneDelegate.swift */; };
		588F47012966368F003D5FF2 /* ViewController.swift in Sources */ = {isa = PBXBuildFile; fileRef = 588F47002966368F003D5FF2 /* ViewController.swift */; };
		588F47042966368F003D5FF2 /* Main.storyboard in Resources */ = {isa = PBXBuildFile; fileRef = 588F47022966368F003D5FF2 /* Main.storyboard */; };
		588F470629663690003D5FF2 /* Assets.xcassets in Resources */ = {isa = PBXBuildFile; fileRef = 588F470529663690003D5FF2 /* Assets.xcassets */; };
		588F470929663690003D5FF2 /* LaunchScreen.storyboard in Resources */ = {isa = PBXBuildFile; fileRef = 588F470729663690003D5FF2 /* LaunchScreen.storyboard */; };
		588F471429663690003D5FF2 /* Color_Quizz_AxelTests.swift in Sources */ = {isa = PBXBuildFile; fileRef = 588F471329663690003D5FF2 /* Color_Quizz_AxelTests.swift */; };
		588F471E29663690003D5FF2 /* Color_Quizz_AxelUITests.swift in Sources */ = {isa = PBXBuildFile; fileRef = 588F471D29663690003D5FF2 /* Color_Quizz_AxelUITests.swift */; };
		588F472029663690003D5FF2 /* Color_Quizz_AxelUITestsLaunchTests.swift in Sources */ = {isa = PBXBuildFile; fileRef = 588F471F29663690003D5FF2 /* Color_Quizz_AxelUITestsLaunchTests.swift */; };
		588F472D296779EC003D5FF2 /* QuizzViewController.swift in Sources */ = {isa = PBXBuildFile; fileRef = 588F472C296779EC003D5FF2 /* QuizzViewController.swift */; };
		588F472F29677CFB003D5FF2 /* GeneradorPreguntas.swift in Sources */ = {isa = PBXBuildFile; fileRef = 588F472E29677CFB003D5FF2 /* GeneradorPreguntas.swift */; };
		58C2B32A296CD5DF00378431 /* ResultsViewController.swift in Sources */ = {isa = PBXBuildFile; fileRef = 58C2B329296CD5DF00378431 /* ResultsViewController.swift */; };
/* End PBXBuildFile section */

/* Begin PBXContainerItemProxy section */
		588F471029663690003D5FF2 /* PBXContainerItemProxy */ = {
			isa = PBXContainerItemProxy;
			containerPortal = 588F46F12966368F003D5FF2 /* Project object */;
			proxyType = 1;
			remoteGlobalIDString = 588F46F82966368F003D5FF2;
			remoteInfo = Color_Quizz_Axel;
		};
		588F471A29663690003D5FF2 /* PBXContainerItemProxy */ = {
			isa = PBXContainerItemProxy;
			containerPortal = 588F46F12966368F003D5FF2 /* Project object */;
			proxyType = 1;
			remoteGlobalIDString = 588F46F82966368F003D5FF2;
			remoteInfo = Color_Quizz_Axel;
		};
/* End PBXContainerItemProxy section */

/* Begin PBXFileReference section */
		588F46F92966368F003D5FF2 /* Color_Quizz_Axel.app */ = {isa = PBXFileReference; explicitFileType = wrapper.application; includeInIndex = 0; path = Color_Quizz_Axel.app; sourceTree = BUILT_PRODUCTS_DIR; };
		588F46FC2966368F003D5FF2 /* AppDelegate.swift */ = {isa = PBXFileReference; lastKnownFileType = sourcecode.swift; path = AppDelegate.swift; sourceTree = "<group>"; };
		588F46FE2966368F003D5FF2 /* SceneDelegate.swift */ = {isa = PBXFileReference; lastKnownFileType = sourcecode.swift; path = SceneDelegate.swift; sourceTree = "<group>"; };
		588F47002966368F003D5FF2 /* ViewController.swift */ = {isa = PBXFileReference; lastKnownFileType = sourcecode.swift; path = ViewController.swift; sourceTree = "<group>"; };
		588F47032966368F003D5FF2 /* Base */ = {isa = PBXFileReference; lastKnownFileType = file.storyboard; name = Base; path = Base.lproj/Main.storyboard; sourceTree = "<group>"; };
		588F470529663690003D5FF2 /* Assets.xcassets */ = {isa = PBXFileReference; lastKnownFileType = folder.assetcatalog; path = Assets.xcassets; sourceTree = "<group>"; };
		588F470829663690003D5FF2 /* Base */ = {isa = PBXFileReference; lastKnownFileType = file.storyboard; name = Base; path = Base.lproj/LaunchScreen.storyboard; sourceTree = "<group>"; };
		588F470A29663690003D5FF2 /* Info.plist */ = {isa = PBXFileReference; lastKnownFileType = text.plist.xml; path = Info.plist; sourceTree = "<group>"; };
		588F470F29663690003D5FF2 /* Color_Quizz_AxelTests.xctest */ = {isa = PBXFileReference; explicitFileType = wrapper.cfbundle; includeInIndex = 0; path = Color_Quizz_AxelTests.xctest; sourceTree = BUILT_PRODUCTS_DIR; };
		588F471329663690003D5FF2 /* Color_Quizz_AxelTests.swift */ = {isa = PBXFileReference; lastKnownFileType = sourcecode.swift; path = Color_Quizz_AxelTests.swift; sourceTree = "<group>"; };
		588F471929663690003D5FF2 /* Color_Quizz_AxelUITests.xctest */ = {isa = PBXFileReference; explicitFileType = wrapper.cfbundle; includeInIndex = 0; path = Color_Quizz_AxelUITests.xctest; sourceTree = BUILT_PRODUCTS_DIR; };
		588F471D29663690003D5FF2 /* Color_Quizz_AxelUITests.swift */ = {isa = PBXFileReference; lastKnownFileType = sourcecode.swift; path = Color_Quizz_AxelUITests.swift; sourceTree = "<group>"; };
		588F471F29663690003D5FF2 /* Color_Quizz_AxelUITestsLaunchTests.swift */ = {isa = PBXFileReference; lastKnownFileType = sourcecode.swift; path = Color_Quizz_AxelUITestsLaunchTests.swift; sourceTree = "<group>"; };
		588F472C296779EC003D5FF2 /* QuizzViewController.swift */ = {isa = PBXFileReference; lastKnownFileType = sourcecode.swift; path = QuizzViewController.swift; sourceTree = "<group>"; };
		588F472E29677CFB003D5FF2 /* GeneradorPreguntas.swift */ = {isa = PBXFileReference; lastKnownFileType = sourcecode.swift; path = GeneradorPreguntas.swift; sourceTree = "<group>"; };
		58C2B329296CD5DF00378431 /* ResultsViewController.swift */ = {isa = PBXFileReference; lastKnownFileType = sourcecode.swift; path = ResultsViewController.swift; sourceTree = "<group>"; };
/* End PBXFileReference section */

/* Begin PBXFrameworksBuildPhase section */
		588F46F62966368F003D5FF2 /* Frameworks */ = {
			isa = PBXFrameworksBuildPhase;
			buildActionMask = 2147483647;
			files = (
			);
			runOnlyForDeploymentPostprocessing = 0;
		};
		588F470C29663690003D5FF2 /* Frameworks */ = {
			isa = PBXFrameworksBuildPhase;
			buildActionMask = 2147483647;
			files = (
			);
			runOnlyForDeploymentPostprocessing = 0;
		};
		588F471629663690003D5FF2 /* Frameworks */ = {
			isa = PBXFrameworksBuildPhase;
			buildActionMask = 2147483647;
			files = (
			);
			runOnlyForDeploymentPostprocessing = 0;
		};
/* End PBXFrameworksBuildPhase section */

/* Begin PBXGroup section */
		588F46F02966368F003D5FF2 = {
			isa = PBXGroup;
			children = (
				588F46FB2966368F003D5FF2 /* Color_Quizz_Axel */,
				588F471229663690003D5FF2 /* Color_Quizz_AxelTests */,
				588F471C29663690003D5FF2 /* Color_Quizz_AxelUITests */,
				588F46FA2966368F003D5FF2 /* Products */,
			);
			sourceTree = "<group>";
		};
		588F46FA2966368F003D5FF2 /* Products */ = {
			isa = PBXGroup;
			children = (
				588F46F92966368F003D5FF2 /* Color_Quizz_Axel.app */,
				588F470F29663690003D5FF2 /* Color_Quizz_AxelTests.xctest */,
				588F471929663690003D5FF2 /* Color_Quizz_AxelUITests.xctest */,
			);
			name = Products;
			sourceTree = "<group>";
		};
		588F46FB2966368F003D5FF2 /* Color_Quizz_Axel */ = {
			isa = PBXGroup;
			children = (
				588F46FC2966368F003D5FF2 /* AppDelegate.swift */,
				588F46FE2966368F003D5FF2 /* SceneDelegate.swift */,
				588F47002966368F003D5FF2 /* ViewController.swift */,
				588F472C296779EC003D5FF2 /* QuizzViewController.swift */,
				588F47022966368F003D5FF2 /* Main.storyboard */,
				588F470529663690003D5FF2 /* Assets.xcassets */,
				588F470729663690003D5FF2 /* LaunchScreen.storyboard */,
				588F470A29663690003D5FF2 /* Info.plist */,
				588F472E29677CFB003D5FF2 /* GeneradorPreguntas.swift */,
				58C2B329296CD5DF00378431 /* ResultsViewController.swift */,
			);
			path = Color_Quizz_Axel;
			sourceTree = "<group>";
		};
		588F471229663690003D5FF2 /* Color_Quizz_AxelTests */ = {
			isa = PBXGroup;
			children = (
				588F471329663690003D5FF2 /* Color_Quizz_AxelTests.swift */,
			);
			path = Color_Quizz_AxelTests;
			sourceTree = "<group>";
		};
		588F471C29663690003D5FF2 /* Color_Quizz_AxelUITests */ = {
			isa = PBXGroup;
			children = (
				588F471D29663690003D5FF2 /* Color_Quizz_AxelUITests.swift */,
				588F471F29663690003D5FF2 /* Color_Quizz_AxelUITestsLaunchTests.swift */,
			);
			path = Color_Quizz_AxelUITests;
			sourceTree = "<group>";
		};
/* End PBXGroup section */

/* Begin PBXNativeTarget section */
		588F46F82966368F003D5FF2 /* Color_Quizz_Axel */ = {
			isa = PBXNativeTarget;
			buildConfigurationList = 588F472329663690003D5FF2 /* Build configuration list for PBXNativeTarget "Color_Quizz_Axel" */;
			buildPhases = (
				588F46F52966368F003D5FF2 /* Sources */,
				588F46F62966368F003D5FF2 /* Frameworks */,
				588F46F72966368F003D5FF2 /* Resources */,
			);
			buildRules = (
			);
			dependencies = (
			);
			name = Color_Quizz_Axel;
			productName = Color_Quizz_Axel;
			productReference = 588F46F92966368F003D5FF2 /* Color_Quizz_Axel.app */;
			productType = "com.apple.product-type.application";
		};
		588F470E29663690003D5FF2 /* Color_Quizz_AxelTests */ = {
			isa = PBXNativeTarget;
			buildConfigurationList = 588F472629663690003D5FF2 /* Build configuration list for PBXNativeTarget "Color_Quizz_AxelTests" */;
			buildPhases = (
				588F470B29663690003D5FF2 /* Sources */,
				588F470C29663690003D5FF2 /* Frameworks */,
				588F470D29663690003D5FF2 /* Resources */,
			);
			buildRules = (
			);
			dependencies = (
				588F471129663690003D5FF2 /* PBXTargetDependency */,
			);
			name = Color_Quizz_AxelTests;
			productName = Color_Quizz_AxelTests;
			productReference = 588F470F29663690003D5FF2 /* Color_Quizz_AxelTests.xctest */;
			productType = "com.apple.product-type.bundle.unit-test";
		};
		588F471829663690003D5FF2 /* Color_Quizz_AxelUITests */ = {
			isa = PBXNativeTarget;
			buildConfigurationList = 588F472929663690003D5FF2 /* Build configuration list for PBXNativeTarget "Color_Quizz_AxelUITests" */;
			buildPhases = (
				588F471529663690003D5FF2 /* Sources */,
				588F471629663690003D5FF2 /* Frameworks */,
				588F471729663690003D5FF2 /* Resources */,
			);
			buildRules = (
			);
			dependencies = (
				588F471B29663690003D5FF2 /* PBXTargetDependency */,
			);
			name = Color_Quizz_AxelUITests;
			productName = Color_Quizz_AxelUITests;
			productReference = 588F471929663690003D5FF2 /* Color_Quizz_AxelUITests.xctest */;
			productType = "com.apple.product-type.bundle.ui-testing";
		};
/* End PBXNativeTarget section */

/* Begin PBXProject section */
		588F46F12966368F003D5FF2 /* Project object */ = {
			isa = PBXProject;
			attributes = {
				BuildIndependentTargetsInParallel = 1;
				LastSwiftUpdateCheck = 1420;
				LastUpgradeCheck = 1420;
				TargetAttributes = {
					588F46F82966368F003D5FF2 = {
						CreatedOnToolsVersion = 14.2;
					};
					588F470E29663690003D5FF2 = {
						CreatedOnToolsVersion = 14.2;
						TestTargetID = 588F46F82966368F003D5FF2;
					};
					588F471829663690003D5FF2 = {
						CreatedOnToolsVersion = 14.2;
						TestTargetID = 588F46F82966368F003D5FF2;
					};
				};
			};
			buildConfigurationList = 588F46F42966368F003D5FF2 /* Build configuration list for PBXProject "Color_Quizz_Axel" */;
			compatibilityVersion = "Xcode 14.0";
			developmentRegion = en;
			hasScannedForEncodings = 0;
			knownRegions = (
				en,
				Base,
			);
			mainGroup = 588F46F02966368F003D5FF2;
			productRefGroup = 588F46FA2966368F003D5FF2 /* Products */;
			projectDirPath = "";
			projectRoot = "";
			targets = (
				588F46F82966368F003D5FF2 /* Color_Quizz_Axel */,
				588F470E29663690003D5FF2 /* Color_Quizz_AxelTests */,
				588F471829663690003D5FF2 /* Color_Quizz_AxelUITests */,
			);
		};
/* End PBXProject section */

/* Begin PBXResourcesBuildPhase section */
		588F46F72966368F003D5FF2 /* Resources */ = {
			isa = PBXResourcesBuildPhase;
			buildActionMask = 2147483647;
			files = (
				588F470929663690003D5FF2 /* LaunchScreen.storyboard in Resources */,
				588F470629663690003D5FF2 /* Assets.xcassets in Resources */,
				588F47042966368F003D5FF2 /* Main.storyboard in Resources */,
			);
			runOnlyForDeploymentPostprocessing = 0;
		};
		588F470D29663690003D5FF2 /* Resources */ = {
			isa = PBXResourcesBuildPhase;
			buildActionMask = 2147483647;
			files = (
			);
			runOnlyForDeploymentPostprocessing = 0;
		};
		588F471729663690003D5FF2 /* Resources */ = {
			isa = PBXResourcesBuildPhase;
			buildActionMask = 2147483647;
			files = (
			);
			runOnlyForDeploymentPostprocessing = 0;
		};
/* End PBXResourcesBuildPhase section */

/* Begin PBXSourcesBuildPhase section */
		588F46F52966368F003D5FF2 /* Sources */ = {
			isa = PBXSourcesBuildPhase;
			buildActionMask = 2147483647;
			files = (
				588F47012966368F003D5FF2 /* ViewController.swift in Sources */,
				588F46FD2966368F003D5FF2 /* AppDelegate.swift in Sources */,
				588F472F29677CFB003D5FF2 /* GeneradorPreguntas.swift in Sources */,
				588F472D296779EC003D5FF2 /* QuizzViewController.swift in Sources */,
				588F46FF2966368F003D5FF2 /* SceneDelegate.swift in Sources */,
				58C2B32A296CD5DF00378431 /* ResultsViewController.swift in Sources */,
			);
			runOnlyForDeploymentPostprocessing = 0;
		};
		588F470B29663690003D5FF2 /* Sources */ = {
			isa = PBXSourcesBuildPhase;
			buildActionMask = 2147483647;
			files = (
				588F471429663690003D5FF2 /* Color_Quizz_AxelTests.swift in Sources */,
			);
			runOnlyForDeploymentPostprocessing = 0;
		};
		588F471529663690003D5FF2 /* Sources */ = {
			isa = PBXSourcesBuildPhase;
			buildActionMask = 2147483647;
			files = (
				588F472029663690003D5FF2 /* Color_Quizz_AxelUITestsLaunchTests.swift in Sources */,
				588F471E29663690003D5FF2 /* Color_Quizz_AxelUITests.swift in Sources */,
			);
			runOnlyForDeploymentPostprocessing = 0;
		};
/* End PBXSourcesBuildPhase section */

/* Begin PBXTargetDependency section */
		588F471129663690003D5FF2 /* PBXTargetDependency */ = {
			isa = PBXTargetDependency;
			target = 588F46F82966368F003D5FF2 /* Color_Quizz_Axel */;
			targetProxy = 588F471029663690003D5FF2 /* PBXContainerItemProxy */;
		};
		588F471B29663690003D5FF2 /* PBXTargetDependency */ = {
			isa = PBXTargetDependency;
			target = 588F46F82966368F003D5FF2 /* Color_Quizz_Axel */;
			targetProxy = 588F471A29663690003D5FF2 /* PBXContainerItemProxy */;
		};
/* End PBXTargetDependency section */

/* Begin PBXVariantGroup section */
		588F47022966368F003D5FF2 /* Main.storyboard */ = {
			isa = PBXVariantGroup;
			children = (
				588F47032966368F003D5FF2 /* Base */,
			);
			name = Main.storyboard;
			sourceTree = "<group>";
		};
		588F470729663690003D5FF2 /* LaunchScreen.storyboard */ = {
			isa = PBXVariantGroup;
			children = (
				588F470829663690003D5FF2 /* Base */,
			);
			name = LaunchScreen.storyboard;
			sourceTree = "<group>";
		};
/* End PBXVariantGroup section */

/* Begin XCBuildConfiguration section */
		588F472129663690003D5FF2 /* Debug */ = {
			isa = XCBuildConfiguration;
			buildSettings = {
				ALWAYS_SEARCH_USER_PATHS = NO;
				CLANG_ANALYZER_NONNULL = YES;
				CLANG_ANALYZER_NUMBER_OBJECT_CONVERSION = YES_AGGRESSIVE;
				CLANG_CXX_LANGUAGE_STANDARD = "gnu++20";
				CLANG_ENABLE_MODULES = YES;
				CLANG_ENABLE_OBJC_ARC = YES;
				CLANG_ENABLE_OBJC_WEAK = YES;
				CLANG_WARN_BLOCK_CAPTURE_AUTORELEASING = YES;
				CLANG_WARN_BOOL_CONVERSION = YES;
				CLANG_WARN_COMMA = YES;
				CLANG_WARN_CONSTANT_CONVERSION = YES;
				CLANG_WARN_DEPRECATED_OBJC_IMPLEMENTATIONS = YES;
				CLANG_WARN_DIRECT_OBJC_ISA_USAGE = YES_ERROR;
				CLANG_WARN_DOCUMENTATION_COMMENTS = YES;
				CLANG_WARN_EMPTY_BODY = YES;
				CLANG_WARN_ENUM_CONVERSION = YES;
				CLANG_WARN_INFINITE_RECURSION = YES;
				CLANG_WARN_INT_CONVERSION = YES;
				CLANG_WARN_NON_LITERAL_NULL_CONVERSION = YES;
				CLANG_WARN_OBJC_IMPLICIT_RETAIN_SELF = YES;
				CLANG_WARN_OBJC_LITERAL_CONVERSION = YES;
				CLANG_WARN_OBJC_ROOT_CLASS = YES_ERROR;
				CLANG_WARN_QUOTED_INCLUDE_IN_FRAMEWORK_HEADER = YES;
				CLANG_WARN_RANGE_LOOP_ANALYSIS = YES;
				CLANG_WARN_STRICT_PROTOTYPES = YES;
				CLANG_WARN_SUSPICIOUS_MOVE = YES;
				CLANG_WARN_UNGUARDED_AVAILABILITY = YES_AGGRESSIVE;
				CLANG_WARN_UNREACHABLE_CODE = YES;
				CLANG_WARN__DUPLICATE_METHOD_MATCH = YES;
				COPY_PHASE_STRIP = NO;
				DEBUG_INFORMATION_FORMAT = dwarf;
				ENABLE_STRICT_OBJC_MSGSEND = YES;
				ENABLE_TESTABILITY = YES;
				GCC_C_LANGUAGE_STANDARD = gnu11;
				GCC_DYNAMIC_NO_PIC = NO;
				GCC_NO_COMMON_BLOCKS = YES;
				GCC_OPTIMIZATION_LEVEL = 0;
				GCC_PREPROCESSOR_DEFINITIONS = (
					"DEBUG=1",
					"$(inherited)",
				);
				GCC_WARN_64_TO_32_BIT_CONVERSION = YES;
				GCC_WARN_ABOUT_RETURN_TYPE = YES_ERROR;
				GCC_WARN_UNDECLARED_SELECTOR = YES;
				GCC_WARN_UNINITIALIZED_AUTOS = YES_AGGRESSIVE;
				GCC_WARN_UNUSED_FUNCTION = YES;
				GCC_WARN_UNUSED_VARIABLE = YES;
				IPHONEOS_DEPLOYMENT_TARGET = 16.2;
				MTL_ENABLE_DEBUG_INFO = INCLUDE_SOURCE;
				MTL_FAST_MATH = YES;
				ONLY_ACTIVE_ARCH = YES;
				SDKROOT = iphoneos;
				SWIFT_ACTIVE_COMPILATION_CONDITIONS = DEBUG;
				SWIFT_OPTIMIZATION_LEVEL = "-Onone";
			};
			name = Debug;
		};
		588F472229663690003D5FF2 /* Release */ = {
			isa = XCBuildConfiguration;
			buildSettings = {
				ALWAYS_SEARCH_USER_PATHS = NO;
				CLANG_ANALYZER_NONNULL = YES;
				CLANG_ANALYZER_NUMBER_OBJECT_CONVERSION = YES_AGGRESSIVE;
				CLANG_CXX_LANGUAGE_STANDARD = "gnu++20";
				CLANG_ENABLE_MODULES = YES;
				CLANG_ENABLE_OBJC_ARC = YES;
				CLANG_ENABLE_OBJC_WEAK = YES;
				CLANG_WARN_BLOCK_CAPTURE_AUTORELEASING = YES;
				CLANG_WARN_BOOL_CONVERSION = YES;
				CLANG_WARN_COMMA = YES;
				CLANG_WARN_CONSTANT_CONVERSION = YES;
				CLANG_WARN_DEPRECATED_OBJC_IMPLEMENTATIONS = YES;
				CLANG_WARN_DIRECT_OBJC_ISA_USAGE = YES_ERROR;
				CLANG_WARN_DOCUMENTATION_COMMENTS = YES;
				CLANG_WARN_EMPTY_BODY = YES;
				CLANG_WARN_ENUM_CONVERSION = YES;
				CLANG_WARN_INFINITE_RECURSION = YES;
				CLANG_WARN_INT_CONVERSION = YES;
				CLANG_WARN_NON_LITERAL_NULL_CONVERSION = YES;
				CLANG_WARN_OBJC_IMPLICIT_RETAIN_SELF = YES;
				CLANG_WARN_OBJC_LITERAL_CONVERSION = YES;
				CLANG_WARN_OBJC_ROOT_CLASS = YES_ERROR;
				CLANG_WARN_QUOTED_INCLUDE_IN_FRAMEWORK_HEADER = YES;
				CLANG_WARN_RANGE_LOOP_ANALYSIS = YES;
				CLANG_WARN_STRICT_PROTOTYPES = YES;
				CLANG_WARN_SUSPICIOUS_MOVE = YES;
				CLANG_WARN_UNGUARDED_AVAILABILITY = YES_AGGRESSIVE;
				CLANG_WARN_UNREACHABLE_CODE = YES;
				CLANG_WARN__DUPLICATE_METHOD_MATCH = YES;
				COPY_PHASE_STRIP = NO;
				DEBUG_INFORMATION_FORMAT = "dwarf-with-dsym";
				ENABLE_NS_ASSERTIONS = NO;
				ENABLE_STRICT_OBJC_MSGSEND = YES;
				GCC_C_LANGUAGE_STANDARD = gnu11;
				GCC_NO_COMMON_BLOCKS = YES;
				GCC_WARN_64_TO_32_BIT_CONVERSION = YES;
				GCC_WARN_ABOUT_RETURN_TYPE = YES_ERROR;
				GCC_WARN_UNDECLARED_SELECTOR = YES;
				GCC_WARN_UNINITIALIZED_AUTOS = YES_AGGRESSIVE;
				GCC_WARN_UNUSED_FUNCTION = YES;
				GCC_WARN_UNUSED_VARIABLE = YES;
				IPHONEOS_DEPLOYMENT_TARGET = 16.2;
				MTL_ENABLE_DEBUG_INFO = NO;
				MTL_FAST_MATH = YES;
				SDKROOT = iphoneos;
				SWIFT_COMPILATION_MODE = wholemodule;
				SWIFT_OPTIMIZATION_LEVEL = "-O";
				VALIDATE_PRODUCT = YES;
			};
			name = Release;
		};
		588F472429663690003D5FF2 /* Debug */ = {
			isa = XCBuildConfiguration;
			buildSettings = {
				ASSETCATALOG_COMPILER_APPICON_NAME = AppIcon;
				ASSETCATALOG_COMPILER_GLOBAL_ACCENT_COLOR_NAME = AccentColor;
				CODE_SIGN_STYLE = Automatic;
				CURRENT_PROJECT_VERSION = 1;
				GENERATE_INFOPLIST_FILE = YES;
				INFOPLIST_FILE = Color_Quizz_Axel/Info.plist;
				INFOPLIST_KEY_UIApplicationSupportsIndirectInputEvents = YES;
				INFOPLIST_KEY_UILaunchStoryboardName = LaunchScreen;
				INFOPLIST_KEY_UIMainStoryboardFile = Main;
				INFOPLIST_KEY_UISupportedInterfaceOrientations_iPad = "UIInterfaceOrientationPortrait UIInterfaceOrientationPortraitUpsideDown UIInterfaceOrientationLandscapeLeft UIInterfaceOrientationLandscapeRight";
				INFOPLIST_KEY_UISupportedInterfaceOrientations_iPhone = "UIInterfaceOrientationPortrait UIInterfaceOrientationLandscapeLeft UIInterfaceOrientationLandscapeRight";
				LD_RUNPATH_SEARCH_PATHS = (
					"$(inherited)",
					"@executable_path/Frameworks",
				);
				MARKETING_VERSION = 1.0;
				PRODUCT_BUNDLE_IDENTIFIER = "com.villavicencioa.Color-Quizz-Axel";
				PRODUCT_NAME = "$(TARGET_NAME)";
				SWIFT_EMIT_LOC_STRINGS = YES;
				SWIFT_VERSION = 5.0;
				TARGETED_DEVICE_FAMILY = "1,2";
			};
			name = Debug;
		};
		588F472529663690003D5FF2 /* Release */ = {
			isa = XCBuildConfiguration;
			buildSettings = {
				ASSETCATALOG_COMPILER_APPICON_NAME = AppIcon;
				ASSETCATALOG_COMPILER_GLOBAL_ACCENT_COLOR_NAME = AccentColor;
				CODE_SIGN_STYLE = Automatic;
				CURRENT_PROJECT_VERSION = 1;
				GENERATE_INFOPLIST_FILE = YES;
				INFOPLIST_FILE = Color_Quizz_Axel/Info.plist;
				INFOPLIST_KEY_UIApplicationSupportsIndirectInputEvents = YES;
				INFOPLIST_KEY_UILaunchStoryboardName = LaunchScreen;
				INFOPLIST_KEY_UIMainStoryboardFile = Main;
				INFOPLIST_KEY_UISupportedInterfaceOrientations_iPad = "UIInterfaceOrientationPortrait UIInterfaceOrientationPortraitUpsideDown UIInterfaceOrientationLandscapeLeft UIInterfaceOrientationLandscapeRight";
				INFOPLIST_KEY_UISupportedInterfaceOrientations_iPhone = "UIInterfaceOrientationPortrait UIInterfaceOrientationLandscapeLeft UIInterfaceOrientationLandscapeRight";
				LD_RUNPATH_SEARCH_PATHS = (
					"$(inherited)",
					"@executable_path/Frameworks",
				);
				MARKETING_VERSION = 1.0;
				PRODUCT_BUNDLE_IDENTIFIER = "com.villavicencioa.Color-Quizz-Axel";
				PRODUCT_NAME = "$(TARGET_NAME)";
				SWIFT_EMIT_LOC_STRINGS = YES;
				SWIFT_VERSION = 5.0;
				TARGETED_DEVICE_FAMILY = "1,2";
			};
			name = Release;
		};
		588F472729663690003D5FF2 /* Debug */ = {
			isa = XCBuildConfiguration;
			buildSettings = {
				ALWAYS_EMBED_SWIFT_STANDARD_LIBRARIES = YES;
				BUNDLE_LOADER = "$(TEST_HOST)";
				CODE_SIGN_STYLE = Automatic;
				CURRENT_PROJECT_VERSION = 1;
				GENERATE_INFOPLIST_FILE = YES;
				IPHONEOS_DEPLOYMENT_TARGET = 16.2;
				MARKETING_VERSION = 1.0;
				PRODUCT_BUNDLE_IDENTIFIER = "com.villavicencioa.Color-Quizz-AxelTests";
				PRODUCT_NAME = "$(TARGET_NAME)";
				SWIFT_EMIT_LOC_STRINGS = NO;
				SWIFT_VERSION = 5.0;
				TARGETED_DEVICE_FAMILY = "1,2";
				TEST_HOST = "$(BUILT_PRODUCTS_DIR)/Color_Quizz_Axel.app/$(BUNDLE_EXECUTABLE_FOLDER_PATH)/Color_Quizz_Axel";
			};
			name = Debug;
		};
		588F472829663690003D5FF2 /* Release */ = {
			isa = XCBuildConfiguration;
			buildSettings = {
				ALWAYS_EMBED_SWIFT_STANDARD_LIBRARIES = YES;
				BUNDLE_LOADER = "$(TEST_HOST)";
				CODE_SIGN_STYLE = Automatic;
				CURRENT_PROJECT_VERSION = 1;
				GENERATE_INFOPLIST_FILE = YES;
				IPHONEOS_DEPLOYMENT_TARGET = 16.2;
				MARKETING_VERSION = 1.0;
				PRODUCT_BUNDLE_IDENTIFIER = "com.villavicencioa.Color-Quizz-AxelTests";
				PRODUCT_NAME = "$(TARGET_NAME)";
				SWIFT_EMIT_LOC_STRINGS = NO;
				SWIFT_VERSION = 5.0;
				TARGETED_DEVICE_FAMILY = "1,2";
				TEST_HOST = "$(BUILT_PRODUCTS_DIR)/Color_Quizz_Axel.app/$(BUNDLE_EXECUTABLE_FOLDER_PATH)/Color_Quizz_Axel";
			};
			name = Release;
		};
		588F472A29663690003D5FF2 /* Debug */ = {
			isa = XCBuildConfiguration;
			buildSettings = {
				ALWAYS_EMBED_SWIFT_STANDARD_LIBRARIES = YES;
				CODE_SIGN_STYLE = Automatic;
				CURRENT_PROJECT_VERSION = 1;
				GENERATE_INFOPLIST_FILE = YES;
				MARKETING_VERSION = 1.0;
				PRODUCT_BUNDLE_IDENTIFIER = "com.villavicencioa.Color-Quizz-AxelUITests";
				PRODUCT_NAME = "$(TARGET_NAME)";
				SWIFT_EMIT_LOC_STRINGS = NO;
				SWIFT_VERSION = 5.0;
				TARGETED_DEVICE_FAMILY = "1,2";
				TEST_TARGET_NAME = Color_Quizz_Axel;
			};
			name = Debug;
		};
		588F472B29663690003D5FF2 /* Release */ = {
			isa = XCBuildConfiguration;
			buildSettings = {
				ALWAYS_EMBED_SWIFT_STANDARD_LIBRARIES = YES;
				CODE_SIGN_STYLE = Automatic;
				CURRENT_PROJECT_VERSION = 1;
				GENERATE_INFOPLIST_FILE = YES;
				MARKETING_VERSION = 1.0;
				PRODUCT_BUNDLE_IDENTIFIER = "com.villavicencioa.Color-Quizz-AxelUITests";
				PRODUCT_NAME = "$(TARGET_NAME)";
				SWIFT_EMIT_LOC_STRINGS = NO;
				SWIFT_VERSION = 5.0;
				TARGETED_DEVICE_FAMILY = "1,2";
				TEST_TARGET_NAME = Color_Quizz_Axel;
			};
			name = Release;
		};
/* End XCBuildConfiguration section */

/* Begin XCConfigurationList section */
		588F46F42966368F003D5FF2 /* Build configuration list for PBXProject "Color_Quizz_Axel" */ = {
			isa = XCConfigurationList;
			buildConfigurations = (
				588F472129663690003D5FF2 /* Debug */,
				588F472229663690003D5FF2 /* Release */,
			);
			defaultConfigurationIsVisible = 0;
			defaultConfigurationName = Release;
		};
		588F472329663690003D5FF2 /* Build configuration list for PBXNativeTarget "Color_Quizz_Axel" */ = {
			isa = XCConfigurationList;
			buildConfigurations = (
				588F472429663690003D5FF2 /* Debug */,
				588F472529663690003D5FF2 /* Release */,
			);
			defaultConfigurationIsVisible = 0;
			defaultConfigurationName = Release;
		};
		588F472629663690003D5FF2 /* Build configuration list for PBXNativeTarget "Color_Quizz_AxelTests" */ = {
			isa = XCConfigurationList;
			buildConfigurations = (
				588F472729663690003D5FF2 /* Debug */,
				588F472829663690003D5FF2 /* Release */,
			);
			defaultConfigurationIsVisible = 0;
			defaultConfigurationName = Release;
		};
		588F472929663690003D5FF2 /* Build configuration list for PBXNativeTarget "Color_Quizz_AxelUITests" */ = {
			isa = XCConfigurationList;
			buildConfigurations = (
				588F472A29663690003D5FF2 /* Debug */,
				588F472B29663690003D5FF2 /* Release */,
			);
			defaultConfigurationIsVisible = 0;
			defaultConfigurationName = Release;
		};
/* End XCConfigurationList section */
	};
	rootObject = 588F46F12966368F003D5FF2 /* Project object */;
}
